
Microsoft Visual Studio Solution File, Format Version 12.00
# Visual Studio 14
VisualStudioVersion = 14.0.23107.0
MinimumVisualStudioVersion = 10.0.40219.1
Project("{FAE04EC0-301F-11D3-BF4B-00C04F79EFBC}") = "Schedule Maker", "Schedule Maker\Schedule Maker.csproj", "{719CF18A-C07D-43EA-9888-37940D7AFD20}"
EndProject
Global
	GlobalSection(SolutionConfigurationPlatforms) = preSolution
		Debug|Any CPU = Debug|Any CPU
		Release|Any CPU = Release|Any CPU
	EndGlobalSection
	GlobalSection(ProjectConfigurationPlatforms) = postSolution
		{719CF18A-C07D-43EA-9888-37940D7AFD20}.Debug|Any CPU.ActiveCfg = Debug|Any CPU
		{719CF18A-C07D-43EA-9888-37940D7AFD20}.Debug|Any CPU.Build.0 = Debug|Any CPU
		{719CF18A-C07D-43EA-9888-37940D7AFD20}.Release|Any CPU.ActiveCfg = Release|Any CPU
		{719CF18A-C07D-43EA-9888-37940D7AFD20}.Release|Any CPU.Build.0 = Release|Any CPU
	EndGlobalSection
	GlobalSection(SolutionProperties) = preSolution
		HideSolutionNode = FALSE
	EndGlobalSection
EndGlobal
